
Microsoft Visual Studio Solution File, Format Version 12.00
# Visual Studio Version 17
VisualStudioVersion = 17.11.35219.272
MinimumVisualStudioVersion = 10.0.40219.1
Project("{FAE04EC0-301F-11D3-BF4B-00C04F79EFBC}") = "Sound", "Sound\Sound.csproj", "{B6A9B252-EBB1-49DD-999D-BEFA75FAB748}"
EndProject
Global
	GlobalSection(SolutionConfigurationPlatforms) = preSolution
		Debug|Any CPU = Debug|Any CPU
		Release|Any CPU = Release|Any CPU
	EndGlobalSection
	GlobalSection(ProjectConfigurationPlatforms) = postSolution
		{B6A9B252-EBB1-49DD-999D-BEFA75FAB748}.Debug|Any CPU.ActiveCfg = Debug|Any CPU
		{B6A9B252-EBB1-49DD-999D-BEFA75FAB748}.Debug|Any CPU.Build.0 = Debug|Any CPU
		{B6A9B252-EBB1-49DD-999D-BEFA75FAB748}.Release|Any CPU.ActiveCfg = Release|Any CPU
		{B6A9B252-EBB1-49DD-999D-BEFA75FAB748}.Release|Any CPU.Build.0 = Release|Any CPU
	EndGlobalSection
	GlobalSection(SolutionProperties) = preSolution
		HideSolutionNode = FALSE
	EndGlobalSection
	GlobalSection(ExtensibilityGlobals) = postSolution
		SolutionGuid = {196621CE-AD28-48A3-91BF-F9F0F774A0C8}
	EndGlobalSection
EndGlobal
